PODS:
  - DACircularProgress (2.3.1)
  - PJPhotoBrowser (0.1.0):
    - DACircularProgress
    - SDWebImage (~> 3.8)
  - SDWebImage (3.8.2):
    - SDWebImage/Core (= 3.8.2)
  - SDWebImage/Core (3.8.2)

DEPENDENCIES:
  - PJPhotoBrowser (from `../`)

EXTERNAL SOURCES:
  PJPhotoBrowser:
    :path: ../

SPEC CHECKSUMS:
  DACircularProgress: 4dd437c0fc3da5161cb289e07ac449493d41db71
  PJPhotoBrowser: d7dad444694bf19bff888d25d7e5e044c43c2925
  SDWebImage: 098e97e6176540799c27e804c96653ee0833d13c

PODFILE CHECKSUM: cd00ed51701194a77635029e9106960ae6f25250

COCOAPODS: 1.3.1
